
Microsoft Visual Studio Solution File, Format Version 12.00
# Visual Studio Version 17
VisualStudioVersion = 17.11.35327.3
MinimumVisualStudioVersion = 10.0.40219.1
Project("{FAE04EC0-301F-11D3-BF4B-00C04F79EFBC}") = "rupees.blazor", "rupees.blazor\rupees.blazor.csproj", "{D27865A4-1636-4799-B5DF-25788821F1B8}"
EndProject
Global
	GlobalSection(SolutionConfigurationPlatforms) = preSolution
		Debug|Any CPU = Debug|Any CPU
		Release|Any CPU = Release|Any CPU
	EndGlobalSection
	GlobalSection(ProjectConfigurationPlatforms) = postSolution
		{D27865A4-1636-4799-B5DF-25788821F1B8}.Debug|Any CPU.ActiveCfg = Debug|Any CPU
		{D27865A4-1636-4799-B5DF-25788821F1B8}.Debug|Any CPU.Build.0 = Debug|Any CPU
		{D27865A4-1636-4799-B5DF-25788821F1B8}.Release|Any CPU.ActiveCfg = Release|Any CPU
		{D27865A4-1636-4799-B5DF-25788821F1B8}.Release|Any CPU.Build.0 = Release|Any CPU
	EndGlobalSection
	GlobalSection(SolutionProperties) = preSolution
		HideSolutionNode = FALSE
	EndGlobalSection
	GlobalSection(ExtensibilityGlobals) = postSolution
		SolutionGuid = {A6B7D372-47CE-4546-8CD4-771F0119F70F}
	EndGlobalSection
EndGlobal
